
Microsoft Visual Studio Solution File, Format Version 12.00
# Visual Studio 14
VisualStudioVersion = 14.0.24720.0
MinimumVisualStudioVersion = 10.0.40219.1
Project("{FAE04EC0-301F-11D3-BF4B-00C04F79EFBC}") = "Imprest", "Imprest\Imprest.csproj", "{D6595B7B-E0A8-46E4-A59B-0328CB296AE7}"
EndProject
Project("{FAE04EC0-301F-11D3-BF4B-00C04F79EFBC}") = "Imprest.Data", "Imprest.Data\Imprest.Data.csproj", "{9764F5A4-9583-467D-AE39-B26057D064FE}"
EndProject
Project("{FAE04EC0-301F-11D3-BF4B-00C04F79EFBC}") = "testConsole", "testConsole\testConsole.csproj", "{41DDEF47-1199-4BCC-ABBE-29B2EE1EAE76}"
EndProject
Project("{FAE04EC0-301F-11D3-BF4B-00C04F79EFBC}") = "Imprest.Service", "Imprest.Service\Imprest.Service.csproj", "{91D1561D-A1BC-4320-90B6-4679D4058177}"
EndProject
Project("{FAE04EC0-301F-11D3-BF4B-00C04F79EFBC}") = "Imprest.Models", "Imprest.Models\Imprest.Models.csproj", "{0FF04162-F04F-4B37-81D4-0902B8CFD88C}"
EndProject
Global
	GlobalSection(SolutionConfigurationPlatforms) = preSolution
		Debug|Any CPU = Debug|Any CPU
		Release|Any CPU = Release|Any CPU
	EndGlobalSection
	GlobalSection(ProjectConfigurationPlatforms) = postSolution
		{D6595B7B-E0A8-46E4-A59B-0328CB296AE7}.Debug|Any CPU.ActiveCfg = Debug|Any CPU
		{D6595B7B-E0A8-46E4-A59B-0328CB296AE7}.Debug|Any CPU.Build.0 = Debug|Any CPU
		{D6595B7B-E0A8-46E4-A59B-0328CB296AE7}.Release|Any CPU.ActiveCfg = Release|Any CPU
		{D6595B7B-E0A8-46E4-A59B-0328CB296AE7}.Release|Any CPU.Build.0 = Release|Any CPU
		{9764F5A4-9583-467D-AE39-B26057D064FE}.Debug|Any CPU.ActiveCfg = Debug|Any CPU
		{9764F5A4-9583-467D-AE39-B26057D064FE}.Debug|Any CPU.Build.0 = Debug|Any CPU
		{9764F5A4-9583-467D-AE39-B26057D064FE}.Release|Any CPU.ActiveCfg = Release|Any CPU
		{9764F5A4-9583-467D-AE39-B26057D064FE}.Release|Any CPU.Build.0 = Release|Any CPU
		{41DDEF47-1199-4BCC-ABBE-29B2EE1EAE76}.Debug|Any CPU.ActiveCfg = Debug|Any CPU
		{41DDEF47-1199-4BCC-ABBE-29B2EE1EAE76}.Debug|Any CPU.Build.0 = Debug|Any CPU
		{41DDEF47-1199-4BCC-ABBE-29B2EE1EAE76}.Release|Any CPU.ActiveCfg = Release|Any CPU
		{41DDEF47-1199-4BCC-ABBE-29B2EE1EAE76}.Release|Any CPU.Build.0 = Release|Any CPU
		{91D1561D-A1BC-4320-90B6-4679D4058177}.Debug|Any CPU.ActiveCfg = Debug|Any CPU
		{91D1561D-A1BC-4320-90B6-4679D4058177}.Debug|Any CPU.Build.0 = Debug|Any CPU
		{91D1561D-A1BC-4320-90B6-4679D4058177}.Release|Any CPU.ActiveCfg = Release|Any CPU
		{91D1561D-A1BC-4320-90B6-4679D4058177}.Release|Any CPU.Build.0 = Release|Any CPU
		{0FF04162-F04F-4B37-81D4-0902B8CFD88C}.Debug|Any CPU.ActiveCfg = Debug|Any CPU
		{0FF04162-F04F-4B37-81D4-0902B8CFD88C}.Debug|Any CPU.Build.0 = Debug|Any CPU
		{0FF04162-F04F-4B37-81D4-0902B8CFD88C}.Release|Any CPU.ActiveCfg = Release|Any CPU
		{0FF04162-F04F-4B37-81D4-0902B8CFD88C}.Release|Any CPU.Build.0 = Release|Any CPU
	EndGlobalSection
	GlobalSection(SolutionProperties) = preSolution
		HideSolutionNode = FALSE
	EndGlobalSection
EndGlobal
